
Microsoft Visual Studio Solution File, Format Version 12.00
# Visual Studio Version 16
VisualStudioVersion = 16.0.30225.117
MinimumVisualStudioVersion = 10.0.40219.1
Project("{FAE04EC0-301F-11D3-BF4B-00C04F79EFBC}") = "FXCommon", "FXCommon\FXCommon.csproj", "{0ECD9F97-E7B1-42DD-AB4F-FFBBF6216257}"
EndProject
Project("{FAE04EC0-301F-11D3-BF4B-00C04F79EFBC}") = "MealTicket_APIService", "MealTicket_APIService\MealTicket_APIService.csproj", "{72D6978E-8A93-44AE-B49B-59740C7FB422}"
EndProject
Project("{FAE04EC0-301F-11D3-BF4B-00C04F79EFBC}") = "MealTicket_Handler", "MealTicket_Handler\MealTicket_Handler.csproj", "{24FC1167-EA9E-4E74-8842-EA959B2E4D7F}"
EndProject
Project("{FAE04EC0-301F-11D3-BF4B-00C04F79EFBC}") = "SharesTradeService", "SharesTradeService\SharesTradeService.csproj", "{98E54122-C04B-4A3B-B698-8F1DD06E6463}"
EndProject
Project("{FAE04EC0-301F-11D3-BF4B-00C04F79EFBC}") = "SharesHqService", "SharesHqService\SharesHqService.csproj", "{6FA35C38-5985-4F9D-8E11-81EEFEF4F5A3}"
EndProject
Project("{2150E333-8FDC-42A3-9474-1A3956D46DE8}") = "前端Api", "前端Api", "{F794061C-D82C-40BE-9BCC-88404FBE2FFB}"
EndProject
Project("{2150E333-8FDC-42A3-9474-1A3956D46DE8}") = "行情处理服务", "行情处理服务", "{8119C932-A84B-4906-BEFD-12914AF4D43D}"
EndProject
Project("{2150E333-8FDC-42A3-9474-1A3956D46DE8}") = "交易处理服务", "交易处理服务", "{B79AF012-B531-4DB0-A052-90B794E08DA1}"
EndProject
Project("{2150E333-8FDC-42A3-9474-1A3956D46DE8}") = "通用dll", "通用dll", "{56E02F41-5217-4D60-9E42-67B72AEE8EEE}"
EndProject
Project("{2150E333-8FDC-42A3-9474-1A3956D46DE8}") = "后端Api", "后端Api", "{828AA343-3272-4957-9133-ECD68518219F}"
EndProject
Project("{FAE04EC0-301F-11D3-BF4B-00C04F79EFBC}") = "MealTicket_Admin_APIService", "MealTicket_Admin_APIService\MealTicket_Admin_APIService.csproj", "{2694E45C-EC8E-4FDC-B217-18B77F28CE30}"
EndProject
Project("{FAE04EC0-301F-11D3-BF4B-00C04F79EFBC}") = "MealTicket_Admin_Handler", "MealTicket_Admin_Handler\MealTicket_Admin_Handler.csproj", "{22EA6A2E-8446-432A-86C7-42C4306B103A}"
EndProject
Project("{2150E333-8FDC-42A3-9474-1A3956D46DE8}") = "通知处理公用", "通知处理公用", "{FB245CE8-1E94-4E61-90DE-81759C409CC2}"
EndProject
Project("{FAE04EC0-301F-11D3-BF4B-00C04F79EFBC}") = "NoticeHandler", "NoticeHandler\NoticeHandler.csproj", "{0EEA5E4C-5908-4D0B-A35D-A5DE94D93AB5}"
EndProject
Project("{2150E333-8FDC-42A3-9474-1A3956D46DE8}") = "TransactionData", "TransactionData", "{C1AB0F2E-0C7C-47AD-B991-89261AC0D011}"
EndProject
Project("{FAE04EC0-301F-11D3-BF4B-00C04F79EFBC}") = "TransactionDataTri", "TransactionDataTri\TransactionDataTri.csproj", "{A81F0C98-3FE2-4A70-97F4-C2666E56036B}"
EndProject
Project("{FAE04EC0-301F-11D3-BF4B-00C04F79EFBC}") = "TransactionDataUpdate", "TransactionDataUpdate\TransactionDataUpdate.csproj", "{69CA53D9-CD51-4E38-A687-F2DA448785F7}"
EndProject
Project("{FAE04EC0-301F-11D3-BF4B-00C04F79EFBC}") = "stock_db_core", "Stock_db_core\stock_db_core.csproj", "{750A7543-A828-420A-B90D-87CD2CA924E7}"
EndProject
Project("{2150E333-8FDC-42A3-9474-1A3956D46DE8}") = "Web端", "Web端", "{5148B3BF-A093-44AA-A9C5-14546A64AD5D}"
EndProject
Project("{FAE04EC0-301F-11D3-BF4B-00C04F79EFBC}") = "MealTicket_Web_APIService", "MealTicket_Web_APIService\MealTicket_Web_APIService.csproj", "{5890E7AC-0781-41B4-9BF7-48297A4BF275}"
EndProject
Project("{FAE04EC0-301F-11D3-BF4B-00C04F79EFBC}") = "MealTicket_Web_Handler", "MealTicket_Web_Handler\MealTicket_Web_Handler.csproj", "{209718FF-927C-4DDA-B3DC-24B49FE643AE}"
EndProject
Project("{FAE04EC0-301F-11D3-BF4B-00C04F79EFBC}") = "Test", "Test\Test.csproj", "{97AEF29A-FDFC-4F86-A111-0BA26011B0F3}"
EndProject
Project("{FAE04EC0-301F-11D3-BF4B-00C04F79EFBC}") = "CanSoldClear", "CanSoldClear\CanSoldClear.csproj", "{0FF39883-DC82-473F-915B-B60053E5FDDB}"
EndProject
Project("{FAE04EC0-301F-11D3-BF4B-00C04F79EFBC}") = "SharesHqService_Level2", "SharesHqService_Level2\SharesHqService_Level2.csproj", "{E9518A19-AE2B-48F5-A3E7-59156024647D}"
EndProject
Project("{FAE04EC0-301F-11D3-BF4B-00C04F79EFBC}") = "TransactionDataUpdate_NO4", "TransactionDataUpdate_NO4\TransactionDataUpdate_NO4.csproj", "{4AED8FA0-F60B-4FEA-899F-271E1EDE595B}"
EndProject
Project("{FAE04EC0-301F-11D3-BF4B-00C04F79EFBC}") = "MealTicket_DBCommon", "MealTicket_DBCommon\MealTicket_DBCommon.csproj", "{100AABCB-BBBC-46DD-B494-57D56083590A}"
EndProject
Global
	GlobalSection(SolutionConfigurationPlatforms) = preSolution
		Debug|Any CPU = Debug|Any CPU
		Release|Any CPU = Release|Any CPU
	EndGlobalSection
	GlobalSection(ProjectConfigurationPlatforms) = postSolution
		{0ECD9F97-E7B1-42DD-AB4F-FFBBF6216257}.Debug|Any CPU.ActiveCfg = Debug|Any CPU
		{0ECD9F97-E7B1-42DD-AB4F-FFBBF6216257}.Debug|Any CPU.Build.0 = Debug|Any CPU
		{0ECD9F97-E7B1-42DD-AB4F-FFBBF6216257}.Release|Any CPU.ActiveCfg = Release|Any CPU
		{0ECD9F97-E7B1-42DD-AB4F-FFBBF6216257}.Release|Any CPU.Build.0 = Release|Any CPU
		{72D6978E-8A93-44AE-B49B-59740C7FB422}.Debug|Any CPU.ActiveCfg = Debug|Any CPU
		{72D6978E-8A93-44AE-B49B-59740C7FB422}.Debug|Any CPU.Build.0 = Debug|Any CPU
		{72D6978E-8A93-44AE-B49B-59740C7FB422}.Release|Any CPU.ActiveCfg = Release|Any CPU
		{72D6978E-8A93-44AE-B49B-59740C7FB422}.Release|Any CPU.Build.0 = Release|Any CPU
		{24FC1167-EA9E-4E74-8842-EA959B2E4D7F}.Debug|Any CPU.ActiveCfg = Debug|Any CPU
		{24FC1167-EA9E-4E74-8842-EA959B2E4D7F}.Debug|Any CPU.Build.0 = Debug|Any CPU
		{24FC1167-EA9E-4E74-8842-EA959B2E4D7F}.Release|Any CPU.ActiveCfg = Release|Any CPU
		{24FC1167-EA9E-4E74-8842-EA959B2E4D7F}.Release|Any CPU.Build.0 = Release|Any CPU
		{98E54122-C04B-4A3B-B698-8F1DD06E6463}.Debug|Any CPU.ActiveCfg = Debug|Any CPU
		{98E54122-C04B-4A3B-B698-8F1DD06E6463}.Debug|Any CPU.Build.0 = Debug|Any CPU
		{98E54122-C04B-4A3B-B698-8F1DD06E6463}.Release|Any CPU.ActiveCfg = Release|Any CPU
		{98E54122-C04B-4A3B-B698-8F1DD06E6463}.Release|Any CPU.Build.0 = Release|Any CPU
		{6FA35C38-5985-4F9D-8E11-81EEFEF4F5A3}.Debug|Any CPU.ActiveCfg = Debug|Any CPU
		{6FA35C38-5985-4F9D-8E11-81EEFEF4F5A3}.Debug|Any CPU.Build.0 = Debug|Any CPU
		{6FA35C38-5985-4F9D-8E11-81EEFEF4F5A3}.Release|Any CPU.ActiveCfg = Release|Any CPU
		{6FA35C38-5985-4F9D-8E11-81EEFEF4F5A3}.Release|Any CPU.Build.0 = Release|Any CPU
		{2694E45C-EC8E-4FDC-B217-18B77F28CE30}.Debug|Any CPU.ActiveCfg = Debug|Any CPU
		{2694E45C-EC8E-4FDC-B217-18B77F28CE30}.Debug|Any CPU.Build.0 = Debug|Any CPU
		{2694E45C-EC8E-4FDC-B217-18B77F28CE30}.Release|Any CPU.ActiveCfg = Release|Any CPU
		{2694E45C-EC8E-4FDC-B217-18B77F28CE30}.Release|Any CPU.Build.0 = Release|Any CPU
		{22EA6A2E-8446-432A-86C7-42C4306B103A}.Debug|Any CPU.ActiveCfg = Debug|Any CPU
		{22EA6A2E-8446-432A-86C7-42C4306B103A}.Debug|Any CPU.Build.0 = Debug|Any CPU
		{22EA6A2E-8446-432A-86C7-42C4306B103A}.Release|Any CPU.ActiveCfg = Release|Any CPU
		{22EA6A2E-8446-432A-86C7-42C4306B103A}.Release|Any CPU.Build.0 = Release|Any CPU
		{0EEA5E4C-5908-4D0B-A35D-A5DE94D93AB5}.Debug|Any CPU.ActiveCfg = Debug|Any CPU
		{0EEA5E4C-5908-4D0B-A35D-A5DE94D93AB5}.Debug|Any CPU.Build.0 = Debug|Any CPU
		{0EEA5E4C-5908-4D0B-A35D-A5DE94D93AB5}.Release|Any CPU.ActiveCfg = Release|Any CPU
		{0EEA5E4C-5908-4D0B-A35D-A5DE94D93AB5}.Release|Any CPU.Build.0 = Release|Any CPU
		{A81F0C98-3FE2-4A70-97F4-C2666E56036B}.Debug|Any CPU.ActiveCfg = Debug|Any CPU
		{A81F0C98-3FE2-4A70-97F4-C2666E56036B}.Debug|Any CPU.Build.0 = Debug|Any CPU
		{A81F0C98-3FE2-4A70-97F4-C2666E56036B}.Release|Any CPU.ActiveCfg = Release|Any CPU
		{A81F0C98-3FE2-4A70-97F4-C2666E56036B}.Release|Any CPU.Build.0 = Release|Any CPU
		{69CA53D9-CD51-4E38-A687-F2DA448785F7}.Debug|Any CPU.ActiveCfg = Debug|Any CPU
		{69CA53D9-CD51-4E38-A687-F2DA448785F7}.Debug|Any CPU.Build.0 = Debug|Any CPU
		{69CA53D9-CD51-4E38-A687-F2DA448785F7}.Release|Any CPU.ActiveCfg = Release|Any CPU
		{69CA53D9-CD51-4E38-A687-F2DA448785F7}.Release|Any CPU.Build.0 = Release|Any CPU
		{750A7543-A828-420A-B90D-87CD2CA924E7}.Debug|Any CPU.ActiveCfg = Debug|Any CPU
		{750A7543-A828-420A-B90D-87CD2CA924E7}.Debug|Any CPU.Build.0 = Debug|Any CPU
		{750A7543-A828-420A-B90D-87CD2CA924E7}.Release|Any CPU.ActiveCfg = Release|Any CPU
		{750A7543-A828-420A-B90D-87CD2CA924E7}.Release|Any CPU.Build.0 = Release|Any CPU
		{5890E7AC-0781-41B4-9BF7-48297A4BF275}.Debug|Any CPU.ActiveCfg = Debug|Any CPU
		{5890E7AC-0781-41B4-9BF7-48297A4BF275}.Debug|Any CPU.Build.0 = Debug|Any CPU
		{5890E7AC-0781-41B4-9BF7-48297A4BF275}.Release|Any CPU.ActiveCfg = Release|Any CPU
		{5890E7AC-0781-41B4-9BF7-48297A4BF275}.Release|Any CPU.Build.0 = Release|Any CPU
		{209718FF-927C-4DDA-B3DC-24B49FE643AE}.Debug|Any CPU.ActiveCfg = Debug|Any CPU
		{209718FF-927C-4DDA-B3DC-24B49FE643AE}.Debug|Any CPU.Build.0 = Debug|Any CPU
		{209718FF-927C-4DDA-B3DC-24B49FE643AE}.Release|Any CPU.ActiveCfg = Release|Any CPU
		{209718FF-927C-4DDA-B3DC-24B49FE643AE}.Release|Any CPU.Build.0 = Release|Any CPU
		{97AEF29A-FDFC-4F86-A111-0BA26011B0F3}.Debug|Any CPU.ActiveCfg = Debug|Any CPU
		{97AEF29A-FDFC-4F86-A111-0BA26011B0F3}.Debug|Any CPU.Build.0 = Debug|Any CPU
		{97AEF29A-FDFC-4F86-A111-0BA26011B0F3}.Release|Any CPU.ActiveCfg = Release|Any CPU
		{97AEF29A-FDFC-4F86-A111-0BA26011B0F3}.Release|Any CPU.Build.0 = Release|Any CPU
		{0FF39883-DC82-473F-915B-B60053E5FDDB}.Debug|Any CPU.ActiveCfg = Debug|Any CPU
		{0FF39883-DC82-473F-915B-B60053E5FDDB}.Debug|Any CPU.Build.0 = Debug|Any CPU
		{0FF39883-DC82-473F-915B-B60053E5FDDB}.Release|Any CPU.ActiveCfg = Release|Any CPU
		{0FF39883-DC82-473F-915B-B60053E5FDDB}.Release|Any CPU.Build.0 = Release|Any CPU
		{E9518A19-AE2B-48F5-A3E7-59156024647D}.Debug|Any CPU.ActiveCfg = Debug|Any CPU
		{E9518A19-AE2B-48F5-A3E7-59156024647D}.Debug|Any CPU.Build.0 = Debug|Any CPU
		{E9518A19-AE2B-48F5-A3E7-59156024647D}.Release|Any CPU.ActiveCfg = Release|Any CPU
		{E9518A19-AE2B-48F5-A3E7-59156024647D}.Release|Any CPU.Build.0 = Release|Any CPU
		{4AED8FA0-F60B-4FEA-899F-271E1EDE595B}.Debug|Any CPU.ActiveCfg = Debug|Any CPU
		{4AED8FA0-F60B-4FEA-899F-271E1EDE595B}.Debug|Any CPU.Build.0 = Debug|Any CPU
		{4AED8FA0-F60B-4FEA-899F-271E1EDE595B}.Release|Any CPU.ActiveCfg = Release|Any CPU
		{4AED8FA0-F60B-4FEA-899F-271E1EDE595B}.Release|Any CPU.Build.0 = Release|Any CPU
		{100AABCB-BBBC-46DD-B494-57D56083590A}.Debug|Any CPU.ActiveCfg = Debug|Any CPU
		{100AABCB-BBBC-46DD-B494-57D56083590A}.Debug|Any CPU.Build.0 = Debug|Any CPU
		{100AABCB-BBBC-46DD-B494-57D56083590A}.Release|Any CPU.ActiveCfg = Release|Any CPU
		{100AABCB-BBBC-46DD-B494-57D56083590A}.Release|Any CPU.Build.0 = Release|Any CPU
	EndGlobalSection
	GlobalSection(SolutionProperties) = preSolution
		HideSolutionNode = FALSE
	EndGlobalSection
	GlobalSection(NestedProjects) = preSolution
		{0ECD9F97-E7B1-42DD-AB4F-FFBBF6216257} = {56E02F41-5217-4D60-9E42-67B72AEE8EEE}
		{72D6978E-8A93-44AE-B49B-59740C7FB422} = {F794061C-D82C-40BE-9BCC-88404FBE2FFB}
		{24FC1167-EA9E-4E74-8842-EA959B2E4D7F} = {F794061C-D82C-40BE-9BCC-88404FBE2FFB}
		{98E54122-C04B-4A3B-B698-8F1DD06E6463} = {B79AF012-B531-4DB0-A052-90B794E08DA1}
		{6FA35C38-5985-4F9D-8E11-81EEFEF4F5A3} = {8119C932-A84B-4906-BEFD-12914AF4D43D}
		{2694E45C-EC8E-4FDC-B217-18B77F28CE30} = {828AA343-3272-4957-9133-ECD68518219F}
		{22EA6A2E-8446-432A-86C7-42C4306B103A} = {828AA343-3272-4957-9133-ECD68518219F}
		{0EEA5E4C-5908-4D0B-A35D-A5DE94D93AB5} = {FB245CE8-1E94-4E61-90DE-81759C409CC2}
		{C1AB0F2E-0C7C-47AD-B991-89261AC0D011} = {8119C932-A84B-4906-BEFD-12914AF4D43D}
		{A81F0C98-3FE2-4A70-97F4-C2666E56036B} = {C1AB0F2E-0C7C-47AD-B991-89261AC0D011}
		{69CA53D9-CD51-4E38-A687-F2DA448785F7} = {C1AB0F2E-0C7C-47AD-B991-89261AC0D011}
		{5890E7AC-0781-41B4-9BF7-48297A4BF275} = {5148B3BF-A093-44AA-A9C5-14546A64AD5D}
		{209718FF-927C-4DDA-B3DC-24B49FE643AE} = {5148B3BF-A093-44AA-A9C5-14546A64AD5D}
		{0FF39883-DC82-473F-915B-B60053E5FDDB} = {F794061C-D82C-40BE-9BCC-88404FBE2FFB}
		{E9518A19-AE2B-48F5-A3E7-59156024647D} = {8119C932-A84B-4906-BEFD-12914AF4D43D}
		{4AED8FA0-F60B-4FEA-899F-271E1EDE595B} = {C1AB0F2E-0C7C-47AD-B991-89261AC0D011}
	EndGlobalSection
	GlobalSection(ExtensibilityGlobals) = postSolution
		SolutionGuid = {F3F33CA3-89F0-4C91-ABCD-D436E7796644}
	EndGlobalSection
EndGlobal
