
Microsoft Visual Studio Solution File, Format Version 12.00
# Visual Studio Version 16
VisualStudioVersion = 16.0.30225.117
MinimumVisualStudioVersion = 10.0.40219.1
Project("{FAE04EC0-301F-11D3-BF4B-00C04F79EFBC}") = "CardViewDemo", "CardViewDemo\CardViewDemo.csproj", "{D5DFE5BC-E199-4A12-BA28-A438B8D4F962}"
EndProject
Global
	GlobalSection(SolutionConfigurationPlatforms) = preSolution
		Debug|Any CPU = Debug|Any CPU
		Release|Any CPU = Release|Any CPU
	EndGlobalSection
	GlobalSection(ProjectConfigurationPlatforms) = postSolution
		{D5DFE5BC-E199-4A12-BA28-A438B8D4F962}.Debug|Any CPU.ActiveCfg = Debug|Any CPU
		{D5DFE5BC-E199-4A12-BA28-A438B8D4F962}.Debug|Any CPU.Build.0 = Debug|Any CPU
		{D5DFE5BC-E199-4A12-BA28-A438B8D4F962}.Release|Any CPU.ActiveCfg = Release|Any CPU
		{D5DFE5BC-E199-4A12-BA28-A438B8D4F962}.Release|Any CPU.Build.0 = Release|Any CPU
	EndGlobalSection
	GlobalSection(SolutionProperties) = preSolution
		HideSolutionNode = FALSE
	EndGlobalSection
	GlobalSection(ExtensibilityGlobals) = postSolution
		SolutionGuid = {BDAD47B8-C4B9-4A61-A381-CD8B19A9A711}
	EndGlobalSection
EndGlobal
